<?xml version="1.0" encoding="utf-8"?>
<Project ToolsVersion="4.0" xmlns="http://schemas.microsoft.com/developer/msbuild/2003">
  <ItemGroup>
    <Filter Include="Enums">
      <UniqueIdentifier>{dccd2338-2eda-4b47-9ae3-6c2b808927c9}</UniqueIdentifier>
    </Filter>
    <Filter Include="Loaders">
      <UniqueIdentifier>{6afc18c9-bb45-4a2b-bbb4-8afacbf68b58}</UniqueIdentifier>
    </Filter>
    <Filter Include="Models">
      <UniqueIdentifier>{8798e877-a0d7-4cba-8d28-a792d59c9be3}</UniqueIdentifier>
    </Filter>
    <Filter Include="Enchants">
      <UniqueIdentifier>{f3f6e453-0524-4dda-b84c-80971ff51259}</UniqueIdentifier>
    </Filter>
    <Filter Include="Models\Entities">
      <UniqueIdentifier>{7f125347-e5fd-40f8-aaa3-ab99f36213a8}</UniqueIdentifier>
    </Filter>
  </ItemGroup>
  <ItemGroup>
    <ClCompile Include="main.cpp" />
    <ClCompile Include="Loaders\CardLoader.cpp">
      <Filter>Loaders</Filter>
    </ClCompile>
    <ClCompile Include="Models\Card.cpp">
      <Filter>Models</Filter>
    </ClCompile>
  </ItemGroup>
  <ItemGroup>
    <ClInclude Include="Enums\Enums.h">
      <Filter>Enums</Filter>
    </ClInclude>
    <ClInclude Include="Loaders\CardLoader.h">
      <Filter>Loaders</Filter>
    </ClInclude>
    <ClInclude Include="Models\Card.h">
      <Filter>Models</Filter>
    </ClInclude>
    <ClInclude Include="Enchants\Enchantment.h">
      <Filter>Enchants</Filter>
    </ClInclude>
    <ClInclude Include="Models\Hero.h">
      <Filter>Models</Filter>
    </ClInclude>
  </ItemGroup>
</Project>