<?xml version="1.0" encoding="utf-8"?>
<Project ToolsVersion="4.0" xmlns="http://schemas.microsoft.com/developer/msbuild/2003">
  <ItemGroup>
    <Filter Include="Enums">
      <UniqueIdentifier>{dccd2338-2eda-4b47-9ae3-6c2b808927c9}</UniqueIdentifier>
    </Filter>
    <Filter Include="Loaders">
      <UniqueIdentifier>{6afc18c9-bb45-4a2b-bbb4-8afacbf68b58}</UniqueIdentifier>
    </Filter>
    <Filter Include="Models">
      <UniqueIdentifier>{8798e877-a0d7-4cba-8d28-a792d59c9be3}</UniqueIdentifier>
    </Filter>
    <Filter Include="Models\Entities">
      <UniqueIdentifier>{7f125347-e5fd-40f8-aaa3-ab99f36213a8}</UniqueIdentifier>
    </Filter>
    <Filter Include="Agents">
      <UniqueIdentifier>{8397b0de-2eba-4439-9572-4d382dd7a350}</UniqueIdentifier>
    </Filter>
    <Filter Include="Programs">
      <UniqueIdentifier>{57cbb170-5060-41ae-9ba1-701faa2e2b15}</UniqueIdentifier>
    </Filter>
    <Filter Include="Commons">
      <UniqueIdentifier>{f3f6e453-0524-4dda-b84c-80971ff51259}</UniqueIdentifier>
    </Filter>
    <Filter Include="Interface">
      <UniqueIdentifier>{3f6465ae-6d35-49d5-bac1-4d15b37ba0b5}</UniqueIdentifier>
    </Filter>
  </ItemGroup>
  <ItemGroup>
    <ClCompile Include="main.cpp" />
    <ClCompile Include="Loaders\CardLoader.cpp">
      <Filter>Loaders</Filter>
    </ClCompile>
    <ClCompile Include="Models\Card.cpp">
      <Filter>Models</Filter>
    </ClCompile>
    <ClCompile Include="Agents\GameAgent.cpp">
      <Filter>Agents</Filter>
    </ClCompile>
    <ClCompile Include="Programs\Console.cpp">
      <Filter>Programs</Filter>
    </ClCompile>
    <ClCompile Include="Models\Cards.cpp">
      <Filter>Models</Filter>
    </ClCompile>
    <ClCompile Include="Models\Entities\Hero.cpp">
      <Filter>Models\Entities</Filter>
    </ClCompile>
    <ClCompile Include="Models\Entities\Minion.cpp">
      <Filter>Models\Entities</Filter>
    </ClCompile>
    <ClCompile Include="Models\Entities\Spell.cpp">
      <Filter>Models\Entities</Filter>
    </ClCompile>
    <ClCompile Include="Models\Entities\Weapon.cpp">
      <Filter>Models\Entities</Filter>
    </ClCompile>
    <ClCompile Include="Models\Entities\Enchantment.cpp">
      <Filter>Models\Entities</Filter>
    </ClCompile>
    <ClCompile Include="Models\Entities\HeroPower.cpp">
      <Filter>Models\Entities</Filter>
    </ClCompile>
    <ClCompile Include="Models\Deck.cpp">
      <Filter>Models</Filter>
    </ClCompile>
    <ClCompile Include="Models\Player.cpp">
      <Filter>Models</Filter>
    </ClCompile>
    <ClCompile Include="Loaders\PlayerLoader.cpp">
      <Filter>Loaders</Filter>
    </ClCompile>
    <ClCompile Include="Interface\InteractBuffer.cpp">
      <Filter>Interface</Filter>
    </ClCompile>
    <ClCompile Include="Interface\Interface.cpp">
      <Filter>Interface</Filter>
    </ClCompile>
    <ClCompile Include="Agents\AgentStructures.cpp">
      <Filter>Agents</Filter>
    </ClCompile>
  </ItemGroup>
  <ItemGroup>
    <ClInclude Include="Enums\Enums.h">
      <Filter>Enums</Filter>
    </ClInclude>
    <ClInclude Include="Loaders\CardLoader.h">
      <Filter>Loaders</Filter>
    </ClInclude>
    <ClInclude Include="Models\Card.h">
      <Filter>Models</Filter>
    </ClInclude>
    <ClInclude Include="Models\Entities\Hero.h">
      <Filter>Models\Entities</Filter>
    </ClInclude>
    <ClInclude Include="Models\Entities\Minion.h">
      <Filter>Models\Entities</Filter>
    </ClInclude>
    <ClInclude Include="Models\Entities\Spell.h">
      <Filter>Models\Entities</Filter>
    </ClInclude>
    <ClInclude Include="Models\Entities\HeroPower.h">
      <Filter>Models\Entities</Filter>
    </ClInclude>
    <ClInclude Include="Models\Entities\Enchantment.h">
      <Filter>Models\Entities</Filter>
    </ClInclude>
    <ClInclude Include="Models\Entities\Weapon.h">
      <Filter>Models\Entities</Filter>
    </ClInclude>
    <ClInclude Include="Enums\StringToEnums.h">
      <Filter>Enums</Filter>
    </ClInclude>
    <ClInclude Include="Agents\GameAgent.h">
      <Filter>Agents</Filter>
    </ClInclude>
    <ClInclude Include="Programs\Console.h">
      <Filter>Programs</Filter>
    </ClInclude>
    <ClInclude Include="Commons\Constants.h">
      <Filter>Commons</Filter>
    </ClInclude>
    <ClInclude Include="Models\Deck.h">
      <Filter>Models</Filter>
    </ClInclude>
    <ClInclude Include="Models\Cards.h">
      <Filter>Models</Filter>
    </ClInclude>
    <ClInclude Include="Enums\EnumsToString.h">
      <Filter>Enums</Filter>
    </ClInclude>
    <ClInclude Include="Models\Player.h">
      <Filter>Models</Filter>
    </ClInclude>
    <ClInclude Include="Loaders\PlayerLoader.h">
      <Filter>Loaders</Filter>
    </ClInclude>
    <ClInclude Include="Interface\InteractBuffer.h">
      <Filter>Interface</Filter>
    </ClInclude>
    <ClInclude Include="Interface\Interface.h">
      <Filter>Interface</Filter>
    </ClInclude>
    <ClInclude Include="Agents\AgentStructures.h">
      <Filter>Agents</Filter>
    <ClInclude Include="Commons\Utils.h">
      <Filter>Commons</Filter>
    </ClInclude>
  </ItemGroup>
</Project>